
Microsoft Visual Studio Solution File, Format Version 12.00
# Visual Studio Version 16
VisualStudioVersion = 16.0.30907.101
MinimumVisualStudioVersion = 10.0.40219.1
Project("{FAE04EC0-301F-11D3-BF4B-00C04F79EFBC}") = "FarmAnimals", "FarmAnimals\FarmAnimals.csproj", "{F3E29ECC-7A15-44EA-8FF3-4B7E6B120B5A}"
EndProject
Global
	GlobalSection(SolutionConfigurationPlatforms) = preSolution
		Debug|Any CPU = Debug|Any CPU
		Release|Any CPU = Release|Any CPU
	EndGlobalSection
	GlobalSection(ProjectConfigurationPlatforms) = postSolution
		{F3E29ECC-7A15-44EA-8FF3-4B7E6B120B5A}.Debug|Any CPU.ActiveCfg = Debug|Any CPU
		{F3E29ECC-7A15-44EA-8FF3-4B7E6B120B5A}.Debug|Any CPU.Build.0 = Debug|Any CPU
		{F3E29ECC-7A15-44EA-8FF3-4B7E6B120B5A}.Release|Any CPU.ActiveCfg = Release|Any CPU
		{F3E29ECC-7A15-44EA-8FF3-4B7E6B120B5A}.Release|Any CPU.Build.0 = Release|Any CPU
	EndGlobalSection
	GlobalSection(SolutionProperties) = preSolution
		HideSolutionNode = FALSE
	EndGlobalSection
	GlobalSection(ExtensibilityGlobals) = postSolution
		SolutionGuid = {0FA95AD6-D058-40C2-AABD-BBD192F60935}
	EndGlobalSection
EndGlobal
